{
    "_meta": {
        "hash": {
            "sha256": "bc82cd27f07d4e24b750064464bbc233a141778868b9a387125705e2d4e8a830"
        },
        "pipfile-spec": 6,
        "requires": {
            "python_full_version": "3.11.7",
            "python_version": "3.11"
        },
        "sources": [
            {
                "name": "pypi",
                "url": "https://pypi.org/simple",
                "verify_ssl": true
            }
        ]
    },
    "default": {},
    "develop": {}
}
